{
  "name": "skillspm",
  "version": "0.1.0",
  "lockfileVersion": 3,
  "requires": true,
  "packages": {
    "": {
      "name": "skillspm",
      "version": "0.1.0",
      "bundleDependencies": [
        "commander",
        "semver",
        "yaml"
      ],
      "license": "Apache-2.0",
      "dependencies": {
        "commander": "file:vendor/commander",
        "semver": "file:vendor/semver",
        "yaml": "file:vendor/yaml"
      },
      "bin": {
        "skillspm": "dist/bin/skillspm.js"
      }
    },
    "node_modules/commander": {
      "resolved": "vendor/commander",
      "link": true
    },
    "node_modules/semver": {
      "resolved": "vendor/semver",
      "link": true
    },
    "node_modules/yaml": {
      "resolved": "vendor/yaml",
      "link": true
    },
    "vendor/commander": {
      "version": "0.0.0-mvp"
    },
    "vendor/semver": {
      "version": "0.0.0-mvp"
    },
    "vendor/yaml": {
      "version": "0.0.0-mvp"
    }
  }
}
